// !$*UTF8*$!
{
	archiveVersion = 1;
	classes = {
	};
	objectVersion = 46;
	objects = {

/* Begin PBXBuildFile section */
		C2221CC81D87383000C7A86C /* BaseViewController.m in Sources */ = {isa = PBXBuildFile; fileRef = C2221CC71D87383000C7A86C /* BaseViewController.m */; };
		C2221CCF1D873F7F00C7A86C /* SWRevealViewController.m in Sources */ = {isa = PBXBuildFile; fileRef = C2221CCE1D873F7F00C7A86C /* SWRevealViewController.m */; };
		C2C61FCD1D71AB1D00294518 /* main.m in Sources */ = {isa = PBXBuildFile; fileRef = C2C61FCC1D71AB1D00294518 /* main.m */; };
		C2C61FD01D71AB1D00294518 /* AppDelegate.m in Sources */ = {isa = PBXBuildFile; fileRef = C2C61FCF1D71AB1D00294518 /* AppDelegate.m */; };
		C2C61FD61D71AB1D00294518 /* Main.storyboard in Resources */ = {isa = PBXBuildFile; fileRef = C2C61FD41D71AB1D00294518 /* Main.storyboard */; };
		C2C61FD81D71AB1D00294518 /* Assets.xcassets in Resources */ = {isa = PBXBuildFile; fileRef = C2C61FD71D71AB1D00294518 /* Assets.xcassets */; };
		C2C61FDB1D71AB1D00294518 /* LaunchScreen.storyboard in Resources */ = {isa = PBXBuildFile; fileRef = C2C61FD91D71AB1D00294518 /* LaunchScreen.storyboard */; };
		C2D0DBA91D85C23A00A20C29 /* APIServerMethods.m in Sources */ = {isa = PBXBuildFile; fileRef = C2D0DBA81D85C23A00A20C29 /* APIServerMethods.m */; };
		C2D0DBAC1D85C55F00A20C29 /* UrlContainer.m in Sources */ = {isa = PBXBuildFile; fileRef = C2D0DBAB1D85C55F00A20C29 /* UrlContainer.m */; };
		D102A17357743EFAEE4D65A3 /* libPods-VK.a in Frameworks */ = {isa = PBXBuildFile; fileRef = 9EA6E7634C6FAFB5DC7839E6 /* libPods-VK.a */; };
/* End PBXBuildFile section */

/* Begin PBXFileReference section */
		9EA6E7634C6FAFB5DC7839E6 /* libPods-VK.a */ = {isa = PBXFileReference; explicitFileType = archive.ar; includeInIndex = 0; path = "libPods-VK.a"; sourceTree = BUILT_PRODUCTS_DIR; };
		C2221CC61D87383000C7A86C /* BaseViewController.h */ = {isa = PBXFileReference; fileEncoding = 4; lastKnownFileType = sourcecode.c.h; path = BaseViewController.h; sourceTree = "<group>"; };
		C2221CC71D87383000C7A86C /* BaseViewController.m */ = {isa = PBXFileReference; fileEncoding = 4; lastKnownFileType = sourcecode.c.objc; path = BaseViewController.m; sourceTree = "<group>"; };
		C2221CCD1D873F7F00C7A86C /* SWRevealViewController.h */ = {isa = PBXFileReference; fileEncoding = 4; lastKnownFileType = sourcecode.c.h; path = SWRevealViewController.h; sourceTree = "<group>"; };
		C2221CCE1D873F7F00C7A86C /* SWRevealViewController.m */ = {isa = PBXFileReference; fileEncoding = 4; lastKnownFileType = sourcecode.c.objc; path = SWRevealViewController.m; sourceTree = "<group>"; };
		C2C61FC81D71AB1D00294518 /* VK.app */ = {isa = PBXFileReference; explicitFileType = wrapper.application; includeInIndex = 0; path = VK.app; sourceTree = BUILT_PRODUCTS_DIR; };
		C2C61FCC1D71AB1D00294518 /* main.m */ = {isa = PBXFileReference; lastKnownFileType = sourcecode.c.objc; path = main.m; sourceTree = "<group>"; };
		C2C61FCE1D71AB1D00294518 /* AppDelegate.h */ = {isa = PBXFileReference; lastKnownFileType = sourcecode.c.h; path = AppDelegate.h; sourceTree = "<group>"; };
		C2C61FCF1D71AB1D00294518 /* AppDelegate.m */ = {isa = PBXFileReference; lastKnownFileType = sourcecode.c.objc; path = AppDelegate.m; sourceTree = "<group>"; };
		C2C61FD51D71AB1D00294518 /* Base */ = {isa = PBXFileReference; lastKnownFileType = file.storyboard; name = Base; path = Base.lproj/Main.storyboard; sourceTree = "<group>"; };
		C2C61FD71D71AB1D00294518 /* Assets.xcassets */ = {isa = PBXFileReference; lastKnownFileType = folder.assetcatalog; path = Assets.xcassets; sourceTree = "<group>"; };
		C2C61FDA1D71AB1D00294518 /* Base */ = {isa = PBXFileReference; lastKnownFileType = file.storyboard; name = Base; path = Base.lproj/LaunchScreen.storyboard; sourceTree = "<group>"; };
		C2C61FDC1D71AB1D00294518 /* Info.plist */ = {isa = PBXFileReference; lastKnownFileType = text.plist.xml; path = Info.plist; sourceTree = "<group>"; };
		C2D0DBA71D85C23A00A20C29 /* APIServerMethods.h */ = {isa = PBXFileReference; fileEncoding = 4; lastKnownFileType = sourcecode.c.h; path = APIServerMethods.h; sourceTree = "<group>"; };
		C2D0DBA81D85C23A00A20C29 /* APIServerMethods.m */ = {isa = PBXFileReference; fileEncoding = 4; lastKnownFileType = sourcecode.c.objc; path = APIServerMethods.m; sourceTree = "<group>"; };
		C2D0DBAA1D85C55F00A20C29 /* UrlContainer.h */ = {isa = PBXFileReference; fileEncoding = 4; lastKnownFileType = sourcecode.c.h; path = UrlContainer.h; sourceTree = "<group>"; };
		C2D0DBAB1D85C55F00A20C29 /* UrlContainer.m */ = {isa = PBXFileReference; fileEncoding = 4; lastKnownFileType = sourcecode.c.objc; path = UrlContainer.m; sourceTree = "<group>"; };
		C53FB601D211A5B77322C5E9 /* Pods-VK.debug.xcconfig */ = {isa = PBXFileReference; includeInIndex = 1; lastKnownFileType = text.xcconfig; name = "Pods-VK.debug.xcconfig"; path = "Pods/Target Support Files/Pods-VK/Pods-VK.debug.xcconfig"; sourceTree = "<group>"; };
		E380F99EF2B719CCDC9E3326 /* Pods-VK.release.xcconfig */ = {isa = PBXFileReference; includeInIndex = 1; lastKnownFileType = text.xcconfig; name = "Pods-VK.release.xcconfig"; path = "Pods/Target Support Files/Pods-VK/Pods-VK.release.xcconfig"; sourceTree = "<group>"; };
/* End PBXFileReference section */

/* Begin PBXFrameworksBuildPhase section */
		C2C61FC51D71AB1D00294518 /* Frameworks */ = {
			isa = PBXFrameworksBuildPhase;
			buildActionMask = 2147483647;
			files = (
				D102A17357743EFAEE4D65A3 /* libPods-VK.a in Frameworks */,
			);
			runOnlyForDeploymentPostprocessing = 0;
		};
/* End PBXFrameworksBuildPhase section */

/* Begin PBXGroup section */
		557AE3B731620B3F96F33002 /* Frameworks */ = {
			isa = PBXGroup;
			children = (
				9EA6E7634C6FAFB5DC7839E6 /* libPods-VK.a */,
			);
			name = Frameworks;
			sourceTree = "<group>";
		};
		C2221CCC1D873F7F00C7A86C /* SWRevealViewController */ = {
			isa = PBXGroup;
			children = (
				C2221CCD1D873F7F00C7A86C /* SWRevealViewController.h */,
				C2221CCE1D873F7F00C7A86C /* SWRevealViewController.m */,
			);
			name = SWRevealViewController;
			path = ../../SWRevealViewController/SWRevealViewController;
			sourceTree = "<group>";
		};
		C2C61FBF1D71AB1D00294518 = {
			isa = PBXGroup;
			children = (
				C2C61FCA1D71AB1D00294518 /* VK */,
				C2C61FC91D71AB1D00294518 /* Products */,
				E1329DFE137F7E159455458E /* Pods */,
				557AE3B731620B3F96F33002 /* Frameworks */,
			);
			sourceTree = "<group>";
		};
		C2C61FC91D71AB1D00294518 /* Products */ = {
			isa = PBXGroup;
			children = (
				C2C61FC81D71AB1D00294518 /* VK.app */,
			);
			name = Products;
			sourceTree = "<group>";
		};
		C2C61FCA1D71AB1D00294518 /* VK */ = {
			isa = PBXGroup;
			children = (
				C2C61FCE1D71AB1D00294518 /* AppDelegate.h */,
				C2221CC61D87383000C7A86C /* BaseViewController.h */,
				C2221CC71D87383000C7A86C /* BaseViewController.m */,
				C2C61FCF1D71AB1D00294518 /* AppDelegate.m */,
				C2C61FD41D71AB1D00294518 /* Main.storyboard */,
				C2C61FD71D71AB1D00294518 /* Assets.xcassets */,
				C2C61FD91D71AB1D00294518 /* LaunchScreen.storyboard */,
				C2C61FDC1D71AB1D00294518 /* Info.plist */,
				C2C61FCB1D71AB1D00294518 /* Supporting Files */,
				C2D0DBA71D85C23A00A20C29 /* APIServerMethods.h */,
				C2D0DBA81D85C23A00A20C29 /* APIServerMethods.m */,
				C2D0DBAA1D85C55F00A20C29 /* UrlContainer.h */,
				C2D0DBAB1D85C55F00A20C29 /* UrlContainer.m */,
				C2221CCC1D873F7F00C7A86C /* SWRevealViewController */,
			);
			path = VK;
			sourceTree = "<group>";
		};
		C2C61FCB1D71AB1D00294518 /* Supporting Files */ = {
			isa = PBXGroup;
			children = (
				C2C61FCC1D71AB1D00294518 /* main.m */,
			);
			name = "Supporting Files";
			sourceTree = "<group>";
		};
		E1329DFE137F7E159455458E /* Pods */ = {
			isa = PBXGroup;
			children = (
				C53FB601D211A5B77322C5E9 /* Pods-VK.debug.xcconfig */,
				E380F99EF2B719CCDC9E3326 /* Pods-VK.release.xcconfig */,
			);
			name = Pods;
			sourceTree = "<group>";
		};
/* End PBXGroup section */

/* Begin PBXNativeTarget section */
		C2C61FC71D71AB1D00294518 /* VK */ = {
			isa = PBXNativeTarget;
			buildConfigurationList = C2C61FDF1D71AB1D00294518 /* Build configuration list for PBXNativeTarget "VK" */;
			buildPhases = (
				A52F2B2D147A767A0E557BE3 /* Check Pods Manifest.lock */,
				C2C61FC41D71AB1D00294518 /* Sources */,
				C2C61FC51D71AB1D00294518 /* Frameworks */,
				C2C61FC61D71AB1D00294518 /* Resources */,
				2E93D0068AE7F112A3CEC77F /* Embed Pods Frameworks */,
				E264CFFC9880D974CEB3479B /* Copy Pods Resources */,
			);
			buildRules = (
			);
			dependencies = (
			);
			name = VK;
			productName = VK;
			productReference = C2C61FC81D71AB1D00294518 /* VK.app */;
			productType = "com.apple.product-type.application";
		};
/* End PBXNativeTarget section */

/* Begin PBXProject section */
		C2C61FC01D71AB1D00294518 /* Project object */ = {
			isa = PBXProject;
			attributes = {
				LastUpgradeCheck = 0730;
				ORGANIZATIONNAME = "Mikhail Prysiazhniy";
				TargetAttributes = {
					C2C61FC71D71AB1D00294518 = {
						CreatedOnToolsVersion = 7.3.1;
					};
				};
			};
			buildConfigurationList = C2C61FC31D71AB1D00294518 /* Build configuration list for PBXProject "VK" */;
			compatibilityVersion = "Xcode 3.2";
			developmentRegion = English;
			hasScannedForEncodings = 0;
			knownRegions = (
				en,
				Base,
			);
			mainGroup = C2C61FBF1D71AB1D00294518;
			productRefGroup = C2C61FC91D71AB1D00294518 /* Products */;
			projectDirPath = "";
			projectRoot = "";
			targets = (
				C2C61FC71D71AB1D00294518 /* VK */,
			);
		};
/* End PBXProject section */

/* Begin PBXResourcesBuildPhase section */
		C2C61FC61D71AB1D00294518 /* Resources */ = {
			isa = PBXResourcesBuildPhase;
			buildActionMask = 2147483647;
			files = (
				C2C61FDB1D71AB1D00294518 /* LaunchScreen.storyboard in Resources */,
				C2C61FD81D71AB1D00294518 /* Assets.xcassets in Resources */,
				C2C61FD61D71AB1D00294518 /* Main.storyboard in Resources */,
			);
			runOnlyForDeploymentPostprocessing = 0;
		};
/* End PBXResourcesBuildPhase section */

/* Begin PBXShellScriptBuildPhase section */
		2E93D0068AE7F112A3CEC77F /* Embed Pods Frameworks */ = {
			isa = PBXShellScriptBuildPhase;
			buildActionMask = 2147483647;
			files = (
			);
			inputPaths = (
			);
			name = "Embed Pods Frameworks";
			outputPaths = (
			);
			runOnlyForDeploymentPostprocessing = 0;
			shellPath = /bin/sh;
			shellScript = "\"${SRCROOT}/Pods/Target Support Files/Pods-VK/Pods-VK-frameworks.sh\"\n";
			showEnvVarsInLog = 0;
		};
		A52F2B2D147A767A0E557BE3 /* Check Pods Manifest.lock */ = {
			isa = PBXShellScriptBuildPhase;
			buildActionMask = 2147483647;
			files = (
			);
			inputPaths = (
			);
			name = "Check Pods Manifest.lock";
			outputPaths = (
			);
			runOnlyForDeploymentPostprocessing = 0;
			shellPath = /bin/sh;
			shellScript = "diff \"${PODS_ROOT}/../Podfile.lock\" \"${PODS_ROOT}/Manifest.lock\" > /dev/null\nif [[ $? != 0 ]] ; then\n    cat << EOM\nerror: The sandbox is not in sync with the Podfile.lock. Run 'pod install' or update your CocoaPods installation.\nEOM\n    exit 1\nfi\n";
			showEnvVarsInLog = 0;
		};
		E264CFFC9880D974CEB3479B /* Copy Pods Resources */ = {
			isa = PBXShellScriptBuildPhase;
			buildActionMask = 2147483647;
			files = (
			);
			inputPaths = (
			);
			name = "Copy Pods Resources";
			outputPaths = (
			);
			runOnlyForDeploymentPostprocessing = 0;
			shellPath = /bin/sh;
			shellScript = "\"${SRCROOT}/Pods/Target Support Files/Pods-VK/Pods-VK-resources.sh\"\n";
			showEnvVarsInLog = 0;
		};
/* End PBXShellScriptBuildPhase section */

/* Begin PBXSourcesBuildPhase section */
		C2C61FC41D71AB1D00294518 /* Sources */ = {
			isa = PBXSourcesBuildPhase;
			buildActionMask = 2147483647;
			files = (
				C2221CC81D87383000C7A86C /* BaseViewController.m in Sources */,
				C2C61FD01D71AB1D00294518 /* AppDelegate.m in Sources */,
				C2D0DBAC1D85C55F00A20C29 /* UrlContainer.m in Sources */,
				C2D0DBA91D85C23A00A20C29 /* APIServerMethods.m in Sources */,
				C2C61FCD1D71AB1D00294518 /* main.m in Sources */,
				C2221CCF1D873F7F00C7A86C /* SWRevealViewController.m in Sources */,
			);
			runOnlyForDeploymentPostprocessing = 0;
		};
/* End PBXSourcesBuildPhase section */

/* Begin PBXVariantGroup section */
		C2C61FD41D71AB1D00294518 /* Main.storyboard */ = {
			isa = PBXVariantGroup;
			children = (
				C2C61FD51D71AB1D00294518 /* Base */,
			);
			name = Main.storyboard;
			sourceTree = "<group>";
		};
		C2C61FD91D71AB1D00294518 /* LaunchScreen.storyboard */ = {
			isa = PBXVariantGroup;
			children = (
				C2C61FDA1D71AB1D00294518 /* Base */,
			);
			name = LaunchScreen.storyboard;
			sourceTree = "<group>";
		};
/* End PBXVariantGroup section */

/* Begin XCBuildConfiguration section */
		C2C61FDD1D71AB1D00294518 /* Debug */ = {
			isa = XCBuildConfiguration;
			buildSettings = {
				ALWAYS_SEARCH_USER_PATHS = NO;
				CLANG_ANALYZER_NONNULL = YES;
				CLANG_CXX_LANGUAGE_STANDARD = "gnu++0x";
				CLANG_CXX_LIBRARY = "libc++";
				CLANG_ENABLE_MODULES = YES;
				CLANG_ENABLE_OBJC_ARC = YES;
				CLANG_WARN_BOOL_CONVERSION = YES;
				CLANG_WARN_CONSTANT_CONVERSION = YES;
				CLANG_WARN_DIRECT_OBJC_ISA_USAGE = YES_ERROR;
				CLANG_WARN_EMPTY_BODY = YES;
				CLANG_WARN_ENUM_CONVERSION = YES;
				CLANG_WARN_INT_CONVERSION = YES;
				CLANG_WARN_OBJC_ROOT_CLASS = YES_ERROR;
				CLANG_WARN_UNREACHABLE_CODE = YES;
				CLANG_WARN__DUPLICATE_METHOD_MATCH = YES;
				"CODE_SIGN_IDENTITY[sdk=iphoneos*]" = "iPhone Developer";
				COPY_PHASE_STRIP = NO;
				DEBUG_INFORMATION_FORMAT = dwarf;
				ENABLE_STRICT_OBJC_MSGSEND = YES;
				ENABLE_TESTABILITY = YES;
				GCC_C_LANGUAGE_STANDARD = gnu99;
				GCC_DYNAMIC_NO_PIC = NO;
				GCC_NO_COMMON_BLOCKS = YES;
				GCC_OPTIMIZATION_LEVEL = 0;
				GCC_PREPROCESSOR_DEFINITIONS = (
					"DEBUG=1",
					"$(inherited)",
				);
				GCC_WARN_64_TO_32_BIT_CONVERSION = YES;
				GCC_WARN_ABOUT_RETURN_TYPE = YES_ERROR;
				GCC_WARN_UNDECLARED_SELECTOR = YES;
				GCC_WARN_UNINITIALIZED_AUTOS = YES_AGGRESSIVE;
				GCC_WARN_UNUSED_FUNCTION = YES;
				GCC_WARN_UNUSED_VARIABLE = YES;
				IPHONEOS_DEPLOYMENT_TARGET = 9.3;
				MTL_ENABLE_DEBUG_INFO = YES;
				ONLY_ACTIVE_ARCH = YES;
				SDKROOT = iphoneos;
				TARGETED_DEVICE_FAMILY = "1,2";
			};
			name = Debug;
		};
		C2C61FDE1D71AB1D00294518 /* Release */ = {
			isa = XCBuildConfiguration;
			buildSettings = {
				ALWAYS_SEARCH_USER_PATHS = NO;
				CLANG_ANALYZER_NONNULL = YES;
				CLANG_CXX_LANGUAGE_STANDARD = "gnu++0x";
				CLANG_CXX_LIBRARY = "libc++";
				CLANG_ENABLE_MODULES = YES;
				CLANG_ENABLE_OBJC_ARC = YES;
				CLANG_WARN_BOOL_CONVERSION = YES;
				CLANG_WARN_CONSTANT_CONVERSION = YES;
				CLANG_WARN_DIRECT_OBJC_ISA_USAGE = YES_ERROR;
				CLANG_WARN_EMPTY_BODY = YES;
				CLANG_WARN_ENUM_CONVERSION = YES;
				CLANG_WARN_INT_CONVERSION = YES;
				CLANG_WARN_OBJC_ROOT_CLASS = YES_ERROR;
				CLANG_WARN_UNREACHABLE_CODE = YES;
				CLANG_WARN__DUPLICATE_METHOD_MATCH = YES;
				"CODE_SIGN_IDENTITY[sdk=iphoneos*]" = "iPhone Developer";
				COPY_PHASE_STRIP = NO;
				DEBUG_INFORMATION_FORMAT = "dwarf-with-dsym";
				ENABLE_NS_ASSERTIONS = NO;
				ENABLE_STRICT_OBJC_MSGSEND = YES;
				GCC_C_LANGUAGE_STANDARD = gnu99;
				GCC_NO_COMMON_BLOCKS = YES;
				GCC_WARN_64_TO_32_BIT_CONVERSION = YES;
				GCC_WARN_ABOUT_RETURN_TYPE = YES_ERROR;
				GCC_WARN_UNDECLARED_SELECTOR = YES;
				GCC_WARN_UNINITIALIZED_AUTOS = YES_AGGRESSIVE;
				GCC_WARN_UNUSED_FUNCTION = YES;
				GCC_WARN_UNUSED_VARIABLE = YES;
				IPHONEOS_DEPLOYMENT_TARGET = 9.3;
				MTL_ENABLE_DEBUG_INFO = NO;
				SDKROOT = iphoneos;
				TARGETED_DEVICE_FAMILY = "1,2";
				VALIDATE_PRODUCT = YES;
			};
			name = Release;
		};
		C2C61FE01D71AB1D00294518 /* Debug */ = {
			isa = XCBuildConfiguration;
			baseConfigurationReference = C53FB601D211A5B77322C5E9 /* Pods-VK.debug.xcconfig */;
			buildSettings = {
				ASSETCATALOG_COMPILER_APPICON_NAME = AppIcon;
				INFOPLIST_FILE = VK/Info.plist;
				LD_RUNPATH_SEARCH_PATHS = "$(inherited) @executable_path/Frameworks";
				PRODUCT_BUNDLE_IDENTIFIER = imPrs.VK;
				PRODUCT_NAME = "$(TARGET_NAME)";
			};
			name = Debug;
		};
		C2C61FE11D71AB1D00294518 /* Release */ = {
			isa = XCBuildConfiguration;
			baseConfigurationReference = E380F99EF2B719CCDC9E3326 /* Pods-VK.release.xcconfig */;
			buildSettings = {
				ASSETCATALOG_COMPILER_APPICON_NAME = AppIcon;
				INFOPLIST_FILE = VK/Info.plist;
				LD_RUNPATH_SEARCH_PATHS = "$(inherited) @executable_path/Frameworks";
				PRODUCT_BUNDLE_IDENTIFIER = imPrs.VK;
				PRODUCT_NAME = "$(TARGET_NAME)";
			};
			name = Release;
		};
/* End XCBuildConfiguration section */

/* Begin XCConfigurationList section */
		C2C61FC31D71AB1D00294518 /* Build configuration list for PBXProject "VK" */ = {
			isa = XCConfigurationList;
			buildConfigurations = (
				C2C61FDD1D71AB1D00294518 /* Debug */,
				C2C61FDE1D71AB1D00294518 /* Release */,
			);
			defaultConfigurationIsVisible = 0;
			defaultConfigurationName = Release;
		};
		C2C61FDF1D71AB1D00294518 /* Build configuration list for PBXNativeTarget "VK" */ = {
			isa = XCConfigurationList;
			buildConfigurations = (
				C2C61FE01D71AB1D00294518 /* Debug */,
				C2C61FE11D71AB1D00294518 /* Release */,
			);
			defaultConfigurationIsVisible = 0;
			defaultConfigurationName = Release;
		};
/* End XCConfigurationList section */
	};
	rootObject = C2C61FC01D71AB1D00294518 /* Project object */;
}
